
Microsoft Visual Studio Solution File, Format Version 12.00
# Visual Studio Version 17
VisualStudioVersion = 17.11.35312.102
MinimumVisualStudioVersion = 10.0.40219.1
Project("{FAE04EC0-301F-11D3-BF4B-00C04F79EFBC}") = "_CsharpEgitimKapmi301_EntityLayer", "_CsharpEgitimKapmi301_EntityLayer\_CsharpEgitimKapmi301_EntityLayer.csproj", "{37C36A58-BFBA-4547-9F2E-0EF68DF0F250}"
EndProject
Project("{FAE04EC0-301F-11D3-BF4B-00C04F79EFBC}") = "_CsharpEgitimKapmi301_DataAccessLayer", "_CsharpEgitimKapmi301_DataAccessLayer\_CsharpEgitimKapmi301_DataAccessLayer.csproj", "{B6B48664-D547-476C-9A47-B6AEC08FB565}"
EndProject
Project("{FAE04EC0-301F-11D3-BF4B-00C04F79EFBC}") = "_CsharpEgitimKapmi301_BusinessLayer", "_CsharpEgitimKapmi301_BusinessLayer\_CsharpEgitimKapmi301_BusinessLayer.csproj", "{4FC27C0D-EE70-4A08-9BF1-E0965A08AB76}"
EndProject
Project("{FAE04EC0-301F-11D3-BF4B-00C04F79EFBC}") = "_CsharpEgitimKapmi301_PresentationLayer", "_CsharpEgitimKapmi301\_CsharpEgitimKapmi301_PresentationLayer.csproj", "{4B131918-C658-411B-9FEE-A691172CA4EC}"
EndProject
Project("{FAE04EC0-301F-11D3-BF4B-00C04F79EFBC}") = "_CsharpEgitimKapmi301_EFProject", "_CsharpEgitimKapmi301_EFProject\_CsharpEgitimKapmi301_EFProject.csproj", "{BF261A39-028B-40CD-BDBD-98E64A057A8C}"
EndProject
Global
	GlobalSection(SolutionConfigurationPlatforms) = preSolution
		Debug|Any CPU = Debug|Any CPU
		Release|Any CPU = Release|Any CPU
	EndGlobalSection
	GlobalSection(ProjectConfigurationPlatforms) = postSolution
		{37C36A58-BFBA-4547-9F2E-0EF68DF0F250}.Debug|Any CPU.ActiveCfg = Debug|Any CPU
		{37C36A58-BFBA-4547-9F2E-0EF68DF0F250}.Debug|Any CPU.Build.0 = Debug|Any CPU
		{37C36A58-BFBA-4547-9F2E-0EF68DF0F250}.Release|Any CPU.ActiveCfg = Release|Any CPU
		{37C36A58-BFBA-4547-9F2E-0EF68DF0F250}.Release|Any CPU.Build.0 = Release|Any CPU
		{B6B48664-D547-476C-9A47-B6AEC08FB565}.Debug|Any CPU.ActiveCfg = Debug|Any CPU
		{B6B48664-D547-476C-9A47-B6AEC08FB565}.Debug|Any CPU.Build.0 = Debug|Any CPU
		{B6B48664-D547-476C-9A47-B6AEC08FB565}.Release|Any CPU.ActiveCfg = Release|Any CPU
		{B6B48664-D547-476C-9A47-B6AEC08FB565}.Release|Any CPU.Build.0 = Release|Any CPU
		{4FC27C0D-EE70-4A08-9BF1-E0965A08AB76}.Debug|Any CPU.ActiveCfg = Debug|Any CPU
		{4FC27C0D-EE70-4A08-9BF1-E0965A08AB76}.Debug|Any CPU.Build.0 = Debug|Any CPU
		{4FC27C0D-EE70-4A08-9BF1-E0965A08AB76}.Release|Any CPU.ActiveCfg = Release|Any CPU
		{4FC27C0D-EE70-4A08-9BF1-E0965A08AB76}.Release|Any CPU.Build.0 = Release|Any CPU
		{4B131918-C658-411B-9FEE-A691172CA4EC}.Debug|Any CPU.ActiveCfg = Debug|Any CPU
		{4B131918-C658-411B-9FEE-A691172CA4EC}.Debug|Any CPU.Build.0 = Debug|Any CPU
		{4B131918-C658-411B-9FEE-A691172CA4EC}.Release|Any CPU.ActiveCfg = Release|Any CPU
		{4B131918-C658-411B-9FEE-A691172CA4EC}.Release|Any CPU.Build.0 = Release|Any CPU
		{BF261A39-028B-40CD-BDBD-98E64A057A8C}.Debug|Any CPU.ActiveCfg = Debug|Any CPU
		{BF261A39-028B-40CD-BDBD-98E64A057A8C}.Debug|Any CPU.Build.0 = Debug|Any CPU
		{BF261A39-028B-40CD-BDBD-98E64A057A8C}.Release|Any CPU.ActiveCfg = Release|Any CPU
		{BF261A39-028B-40CD-BDBD-98E64A057A8C}.Release|Any CPU.Build.0 = Release|Any CPU
	EndGlobalSection
	GlobalSection(SolutionProperties) = preSolution
		HideSolutionNode = FALSE
	EndGlobalSection
	GlobalSection(ExtensibilityGlobals) = postSolution
		SolutionGuid = {F7B076CC-71F7-4FFA-A2DA-AA5FD7F51A62}
	EndGlobalSection
EndGlobal
